
Microsoft Visual Studio Solution File, Format Version 12.00
# Visual Studio Version 17
VisualStudioVersion = 17.4.33205.214
MinimumVisualStudioVersion = 10.0.40219.1
Project("{FAE04EC0-301F-11D3-BF4B-00C04F79EFBC}") = "GroteOpdracht", "GroteOpdracht.csproj", "{C0C85557-708B-4CD6-9A8A-8AC6B2E239AC}"
EndProject
Global
	GlobalSection(SolutionConfigurationPlatforms) = preSolution
		Debug|Any CPU = Debug|Any CPU
		Release|Any CPU = Release|Any CPU
	EndGlobalSection
	GlobalSection(ProjectConfigurationPlatforms) = postSolution
		{C0C85557-708B-4CD6-9A8A-8AC6B2E239AC}.Debug|Any CPU.ActiveCfg = Debug|Any CPU
		{C0C85557-708B-4CD6-9A8A-8AC6B2E239AC}.Debug|Any CPU.Build.0 = Debug|Any CPU
		{C0C85557-708B-4CD6-9A8A-8AC6B2E239AC}.Release|Any CPU.ActiveCfg = Release|Any CPU
		{C0C85557-708B-4CD6-9A8A-8AC6B2E239AC}.Release|Any CPU.Build.0 = Release|Any CPU
	EndGlobalSection
	GlobalSection(SolutionProperties) = preSolution
		HideSolutionNode = FALSE
	EndGlobalSection
	GlobalSection(ExtensibilityGlobals) = postSolution
		SolutionGuid = {D39DF72E-1DB6-44ED-A3BF-EC2215FF6688}
	EndGlobalSection
EndGlobal
